
Microsoft Visual Studio Solution File, Format Version 12.00
# Visual Studio 15
VisualStudioVersion = 15.0.28307.572
MinimumVisualStudioVersion = 10.0.40219.1
Project("{FAE04EC0-301F-11D3-BF4B-00C04F79EFBC}") = "IP Calculator", "Subnetting Calculator\IP Calculator.csproj", "{CE7BA44A-BB85-454A-B5EB-E72C5639D0B1}"
EndProject
Global
	GlobalSection(SolutionConfigurationPlatforms) = preSolution
		Debug|Any CPU = Debug|Any CPU
		Release|Any CPU = Release|Any CPU
	EndGlobalSection
	GlobalSection(ProjectConfigurationPlatforms) = postSolution
		{CE7BA44A-BB85-454A-B5EB-E72C5639D0B1}.Debug|Any CPU.ActiveCfg = Debug|Any CPU
		{CE7BA44A-BB85-454A-B5EB-E72C5639D0B1}.Debug|Any CPU.Build.0 = Debug|Any CPU
		{CE7BA44A-BB85-454A-B5EB-E72C5639D0B1}.Release|Any CPU.ActiveCfg = Release|Any CPU
		{CE7BA44A-BB85-454A-B5EB-E72C5639D0B1}.Release|Any CPU.Build.0 = Release|Any CPU
	EndGlobalSection
	GlobalSection(SolutionProperties) = preSolution
		HideSolutionNode = FALSE
	EndGlobalSection
	GlobalSection(ExtensibilityGlobals) = postSolution
		SolutionGuid = {D09C014A-B722-4175-872C-28BBC9F365B0}
	EndGlobalSection
EndGlobal
